
Microsoft Visual Studio Solution File, Format Version 12.00
# Visual Studio Version 18
VisualStudioVersion = 18.0.11012.119
MinimumVisualStudioVersion = 10.0.40219.1
Project("{FAE04EC0-301F-11D3-BF4B-00C04F79EFBC}") = "PaymentApi", "PaymentApi.csproj", "{500F7BA8-A865-BB93-ACBE-03FE41EB439E}"
EndProject
Global
	GlobalSection(SolutionConfigurationPlatforms) = preSolution
		Debug|Any CPU = Debug|Any CPU
		Debug|x64 = Debug|x64
		Debug|x86 = Debug|x86
		Release|Any CPU = Release|Any CPU
		Release|x64 = Release|x64
		Release|x86 = Release|x86
	EndGlobalSection
	GlobalSection(ProjectConfigurationPlatforms) = postSolution
		{500F7BA8-A865-BB93-ACBE-03FE41EB439E}.Debug|Any CPU.ActiveCfg = Debug|Any CPU
		{500F7BA8-A865-BB93-ACBE-03FE41EB439E}.Debug|Any CPU.Build.0 = Debug|Any CPU
		{500F7BA8-A865-BB93-ACBE-03FE41EB439E}.Debug|x64.ActiveCfg = Debug|Any CPU
		{500F7BA8-A865-BB93-ACBE-03FE41EB439E}.Debug|x64.Build.0 = Debug|Any CPU
		{500F7BA8-A865-BB93-ACBE-03FE41EB439E}.Debug|x86.ActiveCfg = Debug|Any CPU
		{500F7BA8-A865-BB93-ACBE-03FE41EB439E}.Debug|x86.Build.0 = Debug|Any CPU
		{500F7BA8-A865-BB93-ACBE-03FE41EB439E}.Release|Any CPU.ActiveCfg = Release|Any CPU
		{500F7BA8-A865-BB93-ACBE-03FE41EB439E}.Release|Any CPU.Build.0 = Release|Any CPU
		{500F7BA8-A865-BB93-ACBE-03FE41EB439E}.Release|x64.ActiveCfg = Release|Any CPU
		{500F7BA8-A865-BB93-ACBE-03FE41EB439E}.Release|x64.Build.0 = Release|Any CPU
		{500F7BA8-A865-BB93-ACBE-03FE41EB439E}.Release|x86.ActiveCfg = Release|Any CPU
		{500F7BA8-A865-BB93-ACBE-03FE41EB439E}.Release|x86.Build.0 = Release|Any CPU
	EndGlobalSection
	GlobalSection(SolutionProperties) = preSolution
		HideSolutionNode = FALSE
	EndGlobalSection
	GlobalSection(ExtensibilityGlobals) = postSolution
		SolutionGuid = {0C376ED1-8A5B-4EF2-8D32-5C1E6C37B689}
	EndGlobalSection
EndGlobal
